{
  "name": "patkub-test-greenkeeper-lockfile",
  "version": "1.0.0",
  "lockfileVersion": 1,
  "requires": true,
  "dependencies": {
    "patkub-test-greenkeeper-lockfile-package": {
      "version": "1.0.0",
      "resolved": "https://registry.npmjs.org/patkub-test-greenkeeper-lockfile-package/-/patkub-test-greenkeeper-lockfile-package-1.0.0.tgz",
      "integrity": "sha512-MNpiQYUutR5oODTsKfh2+UI2bIo7kLN8fQkBgJjM6gfUKTwbgSgE2npEc1yqgMAQqpVQ7qy4kqbJv9KeiBYrrw=="
    }
  }
}
